
Microsoft Visual Studio Solution File, Format Version 12.00
# Visual Studio Version 16
VisualStudioVersion = 16.0.31313.79
MinimumVisualStudioVersion = 10.0.40219.1
Project("{FAE04EC0-301F-11D3-BF4B-00C04F79EFBC}") = "MathCalculus", "MathCalculus\MathCalculus.csproj", "{FDA51B93-241A-414A-AD7F-52AC72F7B0DB}"
EndProject
Project("{FAE04EC0-301F-11D3-BF4B-00C04F79EFBC}") = "Calculus.UnitTest", "Calculus.UnitTest\Calculus.UnitTest.csproj", "{945CAD2C-A2E2-4487-B36F-FB8EFDEFC262}"
EndProject
Global
	GlobalSection(SolutionConfigurationPlatforms) = preSolution
		Debug|Any CPU = Debug|Any CPU
		Release|Any CPU = Release|Any CPU
	EndGlobalSection
	GlobalSection(ProjectConfigurationPlatforms) = postSolution
		{FDA51B93-241A-414A-AD7F-52AC72F7B0DB}.Debug|Any CPU.ActiveCfg = Debug|Any CPU
		{FDA51B93-241A-414A-AD7F-52AC72F7B0DB}.Debug|Any CPU.Build.0 = Debug|Any CPU
		{FDA51B93-241A-414A-AD7F-52AC72F7B0DB}.Release|Any CPU.ActiveCfg = Release|Any CPU
		{FDA51B93-241A-414A-AD7F-52AC72F7B0DB}.Release|Any CPU.Build.0 = Release|Any CPU
		{945CAD2C-A2E2-4487-B36F-FB8EFDEFC262}.Debug|Any CPU.ActiveCfg = Debug|Any CPU
		{945CAD2C-A2E2-4487-B36F-FB8EFDEFC262}.Debug|Any CPU.Build.0 = Debug|Any CPU
		{945CAD2C-A2E2-4487-B36F-FB8EFDEFC262}.Release|Any CPU.ActiveCfg = Release|Any CPU
		{945CAD2C-A2E2-4487-B36F-FB8EFDEFC262}.Release|Any CPU.Build.0 = Release|Any CPU
	EndGlobalSection
	GlobalSection(SolutionProperties) = preSolution
		HideSolutionNode = FALSE
	EndGlobalSection
	GlobalSection(ExtensibilityGlobals) = postSolution
		SolutionGuid = {92D9C61B-77EF-464C-BF22-E86B19C04C24}
	EndGlobalSection
EndGlobal
